github.com/felixge/httpsnoop v1.0.1 h1:lvB5Jl89CsZtGIWuTcDM1E/vkVs49/Ml7JJe07l8SPQ=
github.com/felixge/httpsnoop v1.0.1/go.mod h1:m8KPJKqk1gH5J9DgRY2ASl2lWCfGKXixSwevea8zH2U=
github.com/gorilla/handlers v1.5.1 h1:9lRY6j8DEeeBT10CvO9hGW0gmky0BprnvDI5vfhUHH4=
github.com/gorilla/handlers v1.5.1/go.mod h1:t8XrUpc4KVXb7HGyJ4/cEnwQiaxrX/hz1Zv/4g96P1Q=
github.com/gorilla/mux v1.8.0 h1:i40aqfkR1h2SlN9hojwV5ZA91wcXFOvkdNIeFDP5koI=
github.com/gorilla/mux v1.8.0/go.mod h1:DVbg23sWSpFRCP0SfiEN6jmj59UnW/n46BH5rLB71So=
github.com/viniciusrodrigues1a/aster-api v0.0.0-20220615015806-628994d8e78a h1:CqvIBH7Nuciyu24fP5uon2ocOLt+cdH7mpag2I1KeBM=
github.com/viniciusrodrigues1a/aster-api v0.0.0-20220615015806-628994d8e78a/go.mod h1:umWcXPC3sbADSjK+m8osmsEPhgjmxANoOLsvc3dTDEw=
github.com/viniciusrodrigues1a/aster-api v0.0.0-20220615224438-9ac78b15d42f h1:c9x5SrVqLHxB6i5oxAbRHS/GmmtZdH+aCzinUjhetFE=
github.com/viniciusrodrigues1a/aster-api v0.0.0-20220615224438-9ac78b15d42f/go.mod h1:umWcXPC3sbADSjK+m8osmsEPhgjmxANoOLsvc3dTDEw=
github.com/viniciusrodrigues1a/aster-api v0.0.0-20220615234918-d09317d8268f h1:RO9w7i11F0U2v2vTNYy/keL8f1Py/xI5YsMGcR57s8Q=
github.com/viniciusrodrigues1a/aster-api v0.0.0-20220615234918-d09317d8268f/go.mod h1:umWcXPC3sbADSjK+m8osmsEPhgjmxANoOLsvc3dTDEw=
